// !$*UTF8*$!
{
	archiveVersion = 1;
	classes = {
	};
	objectVersion = 55;
	objects = {

/* Begin PBXBuildFile section */
		2C53D45A280DB12B00F25897 /* AppDelegate.swift in Sources */ = {isa = PBXBuildFile; fileRef = 2C53D459280DB12B00F25897 /* AppDelegate.swift */; };
		2C53D45C280DB12B00F25897 /* SceneDelegate.swift in Sources */ = {isa = PBXBuildFile; fileRef = 2C53D45B280DB12B00F25897 /* SceneDelegate.swift */; };
		2C53D45E280DB12C00F25897 /* RegisterESVC.swift in Sources */ = {isa = PBXBuildFile; fileRef = 2C53D45D280DB12B00F25897 /* RegisterESVC.swift */; };
		2C53D463280DB12F00F25897 /* Assets.xcassets in Resources */ = {isa = PBXBuildFile; fileRef = 2C53D462280DB12F00F25897 /* Assets.xcassets */; };
		2C53D466280DB12F00F25897 /* LaunchScreen.storyboard in Resources */ = {isa = PBXBuildFile; fileRef = 2C53D464280DB12F00F25897 /* LaunchScreen.storyboard */; };
		2C53D46E280DB1EF00F25897 /* RegisterESUiView.swift in Sources */ = {isa = PBXBuildFile; fileRef = 2C53D46D280DB1EF00F25897 /* RegisterESUiView.swift */; };
		2C53D474280DC96000F25897 /* TextFieldDefault.swift in Sources */ = {isa = PBXBuildFile; fileRef = 2C53D473280DC96000F25897 /* TextFieldDefault.swift */; };
		2C53D476280DCF6F00F25897 /* TituloSubLabel.swift in Sources */ = {isa = PBXBuildFile; fileRef = 2C53D475280DCF6F00F25897 /* TituloSubLabel.swift */; };
		2C53D478280DE2F000F25897 /* NextButton.swift in Sources */ = {isa = PBXBuildFile; fileRef = 2C53D477280DE2F000F25897 /* NextButton.swift */; };
/* End PBXBuildFile section */

/* Begin PBXFileReference section */
		2C53D456280DB12B00F25897 /* RegisterApp.app */ = {isa = PBXFileReference; explicitFileType = wrapper.application; includeInIndex = 0; path = RegisterApp.app; sourceTree = BUILT_PRODUCTS_DIR; };
		2C53D459280DB12B00F25897 /* AppDelegate.swift */ = {isa = PBXFileReference; lastKnownFileType = sourcecode.swift; path = AppDelegate.swift; sourceTree = "<group>"; };
		2C53D45B280DB12B00F25897 /* SceneDelegate.swift */ = {isa = PBXFileReference; lastKnownFileType = sourcecode.swift; path = SceneDelegate.swift; sourceTree = "<group>"; };
		2C53D45D280DB12B00F25897 /* RegisterESVC.swift */ = {isa = PBXFileReference; lastKnownFileType = sourcecode.swift; path = RegisterESVC.swift; sourceTree = "<group>"; };
		2C53D462280DB12F00F25897 /* Assets.xcassets */ = {isa = PBXFileReference; lastKnownFileType = folder.assetcatalog; path = Assets.xcassets; sourceTree = "<group>"; };
		2C53D465280DB12F00F25897 /* Base */ = {isa = PBXFileReference; lastKnownFileType = file.storyboard; name = Base; path = Base.lproj/LaunchScreen.storyboard; sourceTree = "<group>"; };
		2C53D467280DB12F00F25897 /* Info.plist */ = {isa = PBXFileReference; lastKnownFileType = text.plist.xml; path = Info.plist; sourceTree = "<group>"; };
		2C53D46D280DB1EF00F25897 /* RegisterESUiView.swift */ = {isa = PBXFileReference; lastKnownFileType = sourcecode.swift; path = RegisterESUiView.swift; sourceTree = "<group>"; };
		2C53D473280DC96000F25897 /* TextFieldDefault.swift */ = {isa = PBXFileReference; lastKnownFileType = sourcecode.swift; path = TextFieldDefault.swift; sourceTree = "<group>"; };
		2C53D475280DCF6F00F25897 /* TituloSubLabel.swift */ = {isa = PBXFileReference; lastKnownFileType = sourcecode.swift; path = TituloSubLabel.swift; sourceTree = "<group>"; };
		2C53D477280DE2F000F25897 /* NextButton.swift */ = {isa = PBXFileReference; lastKnownFileType = sourcecode.swift; path = NextButton.swift; sourceTree = "<group>"; };
/* End PBXFileReference section */

/* Begin PBXFrameworksBuildPhase section */
		2C53D453280DB12B00F25897 /* Frameworks */ = {
			isa = PBXFrameworksBuildPhase;
			buildActionMask = 2147483647;
			files = (
			);
			runOnlyForDeploymentPostprocessing = 0;
		};
/* End PBXFrameworksBuildPhase section */

/* Begin PBXGroup section */
		2C53D44D280DB12B00F25897 = {
			isa = PBXGroup;
			children = (
				2C53D458280DB12B00F25897 /* RegisterApp */,
				2C53D457280DB12B00F25897 /* Products */,
			);
			sourceTree = "<group>";
		};
		2C53D457280DB12B00F25897 /* Products */ = {
			isa = PBXGroup;
			children = (
				2C53D456280DB12B00F25897 /* RegisterApp.app */,
			);
			name = Products;
			sourceTree = "<group>";
		};
		2C53D458280DB12B00F25897 /* RegisterApp */ = {
			isa = PBXGroup;
			children = (
				2C53D472280DC92000F25897 /* Comum */,
				2C53D46F280DB35200F25897 /* RegisterInicial */,
				2C53D459280DB12B00F25897 /* AppDelegate.swift */,
				2C53D45B280DB12B00F25897 /* SceneDelegate.swift */,
				2C53D462280DB12F00F25897 /* Assets.xcassets */,
				2C53D464280DB12F00F25897 /* LaunchScreen.storyboard */,
				2C53D467280DB12F00F25897 /* Info.plist */,
			);
			path = RegisterApp;
			sourceTree = "<group>";
		};
		2C53D46F280DB35200F25897 /* RegisterInicial */ = {
			isa = PBXGroup;
			children = (
				2C53D471280DB3A800F25897 /* RegisterESVC */,
				2C53D470280DB36500F25897 /* RegisterES */,
			);
			path = RegisterInicial;
			sourceTree = "<group>";
		};
		2C53D470280DB36500F25897 /* RegisterES */ = {
			isa = PBXGroup;
			children = (
				2C53D46D280DB1EF00F25897 /* RegisterESUiView.swift */,
			);
			path = RegisterES;
			sourceTree = "<group>";
		};
		2C53D471280DB3A800F25897 /* RegisterESVC */ = {
			isa = PBXGroup;
			children = (
				2C53D45D280DB12B00F25897 /* RegisterESVC.swift */,
			);
			path = RegisterESVC;
			sourceTree = "<group>";
		};
		2C53D472280DC92000F25897 /* Comum */ = {
			isa = PBXGroup;
			children = (
				2C53D473280DC96000F25897 /* TextFieldDefault.swift */,
				2C53D475280DCF6F00F25897 /* TituloSubLabel.swift */,
				2C53D477280DE2F000F25897 /* NextButton.swift */,
			);
			path = Comum;
			sourceTree = "<group>";
		};
/* End PBXGroup section */

/* Begin PBXNativeTarget section */
		2C53D455280DB12B00F25897 /* RegisterApp */ = {
			isa = PBXNativeTarget;
			buildConfigurationList = 2C53D46A280DB12F00F25897 /* Build configuration list for PBXNativeTarget "RegisterApp" */;
			buildPhases = (
				2C53D452280DB12B00F25897 /* Sources */,
				2C53D453280DB12B00F25897 /* Frameworks */,
				2C53D454280DB12B00F25897 /* Resources */,
			);
			buildRules = (
			);
			dependencies = (
			);
			name = RegisterApp;
			productName = RegisterApp;
			productReference = 2C53D456280DB12B00F25897 /* RegisterApp.app */;
			productType = "com.apple.product-type.application";
		};
/* End PBXNativeTarget section */

/* Begin PBXProject section */
		2C53D44E280DB12B00F25897 /* Project object */ = {
			isa = PBXProject;
			attributes = {
				BuildIndependentTargetsInParallel = 1;
				LastSwiftUpdateCheck = 1320;
				LastUpgradeCheck = 1320;
				TargetAttributes = {
					2C53D455280DB12B00F25897 = {
						CreatedOnToolsVersion = 13.2.1;
					};
				};
			};
			buildConfigurationList = 2C53D451280DB12B00F25897 /* Build configuration list for PBXProject "RegisterApp" */;
			compatibilityVersion = "Xcode 13.0";
			developmentRegion = en;
			hasScannedForEncodings = 0;
			knownRegions = (
				en,
				Base,
			);
			mainGroup = 2C53D44D280DB12B00F25897;
			productRefGroup = 2C53D457280DB12B00F25897 /* Products */;
			projectDirPath = "";
			projectRoot = "";
			targets = (
				2C53D455280DB12B00F25897 /* RegisterApp */,
			);
		};
/* End PBXProject section */

/* Begin PBXResourcesBuildPhase section */
		2C53D454280DB12B00F25897 /* Resources */ = {
			isa = PBXResourcesBuildPhase;
			buildActionMask = 2147483647;
			files = (
				2C53D466280DB12F00F25897 /* LaunchScreen.storyboard in Resources */,
				2C53D463280DB12F00F25897 /* Assets.xcassets in Resources */,
			);
			runOnlyForDeploymentPostprocessing = 0;
		};
/* End PBXResourcesBuildPhase section */

/* Begin PBXSourcesBuildPhase section */
		2C53D452280DB12B00F25897 /* Sources */ = {
			isa = PBXSourcesBuildPhase;
			buildActionMask = 2147483647;
			files = (
				2C53D45E280DB12C00F25897 /* RegisterESVC.swift in Sources */,
				2C53D45A280DB12B00F25897 /* AppDelegate.swift in Sources */,
				2C53D45C280DB12B00F25897 /* SceneDelegate.swift in Sources */,
				2C53D46E280DB1EF00F25897 /* RegisterESUiView.swift in Sources */,
				2C53D476280DCF6F00F25897 /* TituloSubLabel.swift in Sources */,
				2C53D478280DE2F000F25897 /* NextButton.swift in Sources */,
				2C53D474280DC96000F25897 /* TextFieldDefault.swift in Sources */,
			);
			runOnlyForDeploymentPostprocessing = 0;
		};
/* End PBXSourcesBuildPhase section */

/* Begin PBXVariantGroup section */
		2C53D464280DB12F00F25897 /* LaunchScreen.storyboard */ = {
			isa = PBXVariantGroup;
			children = (
				2C53D465280DB12F00F25897 /* Base */,
			);
			name = LaunchScreen.storyboard;
			sourceTree = "<group>";
		};
/* End PBXVariantGroup section */

/* Begin XCBuildConfiguration section */
		2C53D468280DB12F00F25897 /* Debug */ = {
			isa = XCBuildConfiguration;
			buildSettings = {
				ALWAYS_SEARCH_USER_PATHS = NO;
				CLANG_ANALYZER_NONNULL = YES;
				CLANG_ANALYZER_NUMBER_OBJECT_CONVERSION = YES_AGGRESSIVE;
				CLANG_CXX_LANGUAGE_STANDARD = "gnu++17";
				CLANG_CXX_LIBRARY = "libc++";
				CLANG_ENABLE_MODULES = YES;
				CLANG_ENABLE_OBJC_ARC = YES;
				CLANG_ENABLE_OBJC_WEAK = YES;
				CLANG_WARN_BLOCK_CAPTURE_AUTORELEASING = YES;
				CLANG_WARN_BOOL_CONVERSION = YES;
				CLANG_WARN_COMMA = YES;
				CLANG_WARN_CONSTANT_CONVERSION = YES;
				CLANG_WARN_DEPRECATED_OBJC_IMPLEMENTATIONS = YES;
				CLANG_WARN_DIRECT_OBJC_ISA_USAGE = YES_ERROR;
				CLANG_WARN_DOCUMENTATION_COMMENTS = YES;
				CLANG_WARN_EMPTY_BODY = YES;
				CLANG_WARN_ENUM_CONVERSION = YES;
				CLANG_WARN_INFINITE_RECURSION = YES;
				CLANG_WARN_INT_CONVERSION = YES;
				CLANG_WARN_NON_LITERAL_NULL_CONVERSION = YES;
				CLANG_WARN_OBJC_IMPLICIT_RETAIN_SELF = YES;
				CLANG_WARN_OBJC_LITERAL_CONVERSION = YES;
				CLANG_WARN_OBJC_ROOT_CLASS = YES_ERROR;
				CLANG_WARN_QUOTED_INCLUDE_IN_FRAMEWORK_HEADER = YES;
				CLANG_WARN_RANGE_LOOP_ANALYSIS = YES;
				CLANG_WARN_STRICT_PROTOTYPES = YES;
				CLANG_WARN_SUSPICIOUS_MOVE = YES;
				CLANG_WARN_UNGUARDED_AVAILABILITY = YES_AGGRESSIVE;
				CLANG_WARN_UNREACHABLE_CODE = YES;
				CLANG_WARN__DUPLICATE_METHOD_MATCH = YES;
				COPY_PHASE_STRIP = NO;
				DEBUG_INFORMATION_FORMAT = dwarf;
				ENABLE_STRICT_OBJC_MSGSEND = YES;
				ENABLE_TESTABILITY = YES;
				GCC_C_LANGUAGE_STANDARD = gnu11;
				GCC_DYNAMIC_NO_PIC = NO;
				GCC_NO_COMMON_BLOCKS = YES;
				GCC_OPTIMIZATION_LEVEL = 0;
				GCC_PREPROCESSOR_DEFINITIONS = (
					"DEBUG=1",
					"$(inherited)",
				);
				GCC_WARN_64_TO_32_BIT_CONVERSION = YES;
				GCC_WARN_ABOUT_RETURN_TYPE = YES_ERROR;
				GCC_WARN_UNDECLARED_SELECTOR = YES;
				GCC_WARN_UNINITIALIZED_AUTOS = YES_AGGRESSIVE;
				GCC_WARN_UNUSED_FUNCTION = YES;
				GCC_WARN_UNUSED_VARIABLE = YES;
				IPHONEOS_DEPLOYMENT_TARGET = 15.2;
				MTL_ENABLE_DEBUG_INFO = INCLUDE_SOURCE;
				MTL_FAST_MATH = YES;
				ONLY_ACTIVE_ARCH = YES;
				SDKROOT = iphoneos;
				SWIFT_ACTIVE_COMPILATION_CONDITIONS = DEBUG;
				SWIFT_OPTIMIZATION_LEVEL = "-Onone";
			};
			name = Debug;
		};
		2C53D469280DB12F00F25897 /* Release */ = {
			isa = XCBuildConfiguration;
			buildSettings = {
				ALWAYS_SEARCH_USER_PATHS = NO;
				CLANG_ANALYZER_NONNULL = YES;
				CLANG_ANALYZER_NUMBER_OBJECT_CONVERSION = YES_AGGRESSIVE;
				CLANG_CXX_LANGUAGE_STANDARD = "gnu++17";
				CLANG_CXX_LIBRARY = "libc++";
				CLANG_ENABLE_MODULES = YES;
				CLANG_ENABLE_OBJC_ARC = YES;
				CLANG_ENABLE_OBJC_WEAK = YES;
				CLANG_WARN_BLOCK_CAPTURE_AUTORELEASING = YES;
				CLANG_WARN_BOOL_CONVERSION = YES;
				CLANG_WARN_COMMA = YES;
				CLANG_WARN_CONSTANT_CONVERSION = YES;
				CLANG_WARN_DEPRECATED_OBJC_IMPLEMENTATIONS = YES;
				CLANG_WARN_DIRECT_OBJC_ISA_USAGE = YES_ERROR;
				CLANG_WARN_DOCUMENTATION_COMMENTS = YES;
				CLANG_WARN_EMPTY_BODY = YES;
				CLANG_WARN_ENUM_CONVERSION = YES;
				CLANG_WARN_INFINITE_RECURSION = YES;
				CLANG_WARN_INT_CONVERSION = YES;
				CLANG_WARN_NON_LITERAL_NULL_CONVERSION = YES;
				CLANG_WARN_OBJC_IMPLICIT_RETAIN_SELF = YES;
				CLANG_WARN_OBJC_LITERAL_CONVERSION = YES;
				CLANG_WARN_OBJC_ROOT_CLASS = YES_ERROR;
				CLANG_WARN_QUOTED_INCLUDE_IN_FRAMEWORK_HEADER = YES;
				CLANG_WARN_RANGE_LOOP_ANALYSIS = YES;
				CLANG_WARN_STRICT_PROTOTYPES = YES;
				CLANG_WARN_SUSPICIOUS_MOVE = YES;
				CLANG_WARN_UNGUARDED_AVAILABILITY = YES_AGGRESSIVE;
				CLANG_WARN_UNREACHABLE_CODE = YES;
				CLANG_WARN__DUPLICATE_METHOD_MATCH = YES;
				COPY_PHASE_STRIP = NO;
				DEBUG_INFORMATION_FORMAT = "dwarf-with-dsym";
				ENABLE_NS_ASSERTIONS = NO;
				ENABLE_STRICT_OBJC_MSGSEND = YES;
				GCC_C_LANGUAGE_STANDARD = gnu11;
				GCC_NO_COMMON_BLOCKS = YES;
				GCC_WARN_64_TO_32_BIT_CONVERSION = YES;
				GCC_WARN_ABOUT_RETURN_TYPE = YES_ERROR;
				GCC_WARN_UNDECLARED_SELECTOR = YES;
				GCC_WARN_UNINITIALIZED_AUTOS = YES_AGGRESSIVE;
				GCC_WARN_UNUSED_FUNCTION = YES;
				GCC_WARN_UNUSED_VARIABLE = YES;
				IPHONEOS_DEPLOYMENT_TARGET = 15.2;
				MTL_ENABLE_DEBUG_INFO = NO;
				MTL_FAST_MATH = YES;
				SDKROOT = iphoneos;
				SWIFT_COMPILATION_MODE = wholemodule;
				SWIFT_OPTIMIZATION_LEVEL = "-O";
				VALIDATE_PRODUCT = YES;
			};
			name = Release;
		};
		2C53D46B280DB12F00F25897 /* Debug */ = {
			isa = XCBuildConfiguration;
			buildSettings = {
				ASSETCATALOG_COMPILER_APPICON_NAME = AppIcon;
				ASSETCATALOG_COMPILER_GLOBAL_ACCENT_COLOR_NAME = AccentColor;
				CODE_SIGN_STYLE = Automatic;
				CURRENT_PROJECT_VERSION = 1;
				GENERATE_INFOPLIST_FILE = YES;
				INFOPLIST_FILE = RegisterApp/Info.plist;
				INFOPLIST_KEY_UIApplicationSupportsIndirectInputEvents = YES;
				INFOPLIST_KEY_UILaunchStoryboardName = LaunchScreen;
				INFOPLIST_KEY_UISupportedInterfaceOrientations_iPad = "UIInterfaceOrientationPortrait UIInterfaceOrientationPortraitUpsideDown UIInterfaceOrientationLandscapeLeft UIInterfaceOrientationLandscapeRight";
				INFOPLIST_KEY_UISupportedInterfaceOrientations_iPhone = "UIInterfaceOrientationPortrait UIInterfaceOrientationLandscapeLeft UIInterfaceOrientationLandscapeRight";
				LD_RUNPATH_SEARCH_PATHS = (
					"$(inherited)",
					"@executable_path/Frameworks",
				);
				MARKETING_VERSION = 1.0;
				PRODUCT_BUNDLE_IDENTIFIER = br.com.nttdataeveris.RegisterApp;
				PRODUCT_NAME = "$(TARGET_NAME)";
				SWIFT_EMIT_LOC_STRINGS = YES;
				SWIFT_VERSION = 5.0;
				TARGETED_DEVICE_FAMILY = "1,2";
			};
			name = Debug;
		};
		2C53D46C280DB12F00F25897 /* Release */ = {
			isa = XCBuildConfiguration;
			buildSettings = {
				ASSETCATALOG_COMPILER_APPICON_NAME = AppIcon;
				ASSETCATALOG_COMPILER_GLOBAL_ACCENT_COLOR_NAME = AccentColor;
				CODE_SIGN_STYLE = Automatic;
				CURRENT_PROJECT_VERSION = 1;
				GENERATE_INFOPLIST_FILE = YES;
				INFOPLIST_FILE = RegisterApp/Info.plist;
				INFOPLIST_KEY_UIApplicationSupportsIndirectInputEvents = YES;
				INFOPLIST_KEY_UILaunchStoryboardName = LaunchScreen;
				INFOPLIST_KEY_UISupportedInterfaceOrientations_iPad = "UIInterfaceOrientationPortrait UIInterfaceOrientationPortraitUpsideDown UIInterfaceOrientationLandscapeLeft UIInterfaceOrientationLandscapeRight";
				INFOPLIST_KEY_UISupportedInterfaceOrientations_iPhone = "UIInterfaceOrientationPortrait UIInterfaceOrientationLandscapeLeft UIInterfaceOrientationLandscapeRight";
				LD_RUNPATH_SEARCH_PATHS = (
					"$(inherited)",
					"@executable_path/Frameworks",
				);
				MARKETING_VERSION = 1.0;
				PRODUCT_BUNDLE_IDENTIFIER = br.com.nttdataeveris.RegisterApp;
				PRODUCT_NAME = "$(TARGET_NAME)";
				SWIFT_EMIT_LOC_STRINGS = YES;
				SWIFT_VERSION = 5.0;
				TARGETED_DEVICE_FAMILY = "1,2";
			};
			name = Release;
		};
/* End XCBuildConfiguration section */

/* Begin XCConfigurationList section */
		2C53D451280DB12B00F25897 /* Build configuration list for PBXProject "RegisterApp" */ = {
			isa = XCConfigurationList;
			buildConfigurations = (
				2C53D468280DB12F00F25897 /* Debug */,
				2C53D469280DB12F00F25897 /* Release */,
			);
			defaultConfigurationIsVisible = 0;
			defaultConfigurationName = Release;
		};
		2C53D46A280DB12F00F25897 /* Build configuration list for PBXNativeTarget "RegisterApp" */ = {
			isa = XCConfigurationList;
			buildConfigurations = (
				2C53D46B280DB12F00F25897 /* Debug */,
				2C53D46C280DB12F00F25897 /* Release */,
			);
			defaultConfigurationIsVisible = 0;
			defaultConfigurationName = Release;
		};
/* End XCConfigurationList section */
	};
	rootObject = 2C53D44E280DB12B00F25897 /* Project object */;
}
